
Microsoft Visual Studio Solution File, Format Version 12.00
# Visual Studio Version 17
VisualStudioVersion = 17.13.35825.156 d17.13
MinimumVisualStudioVersion = 10.0.40219.1
Project("{FAE04EC0-301F-11D3-BF4B-00C04F79EFBC}") = "StudentsMgmtSP", "StudentsMgmtSP\StudentsMgmtSP.csproj", "{DD69CA2A-500E-405F-B5EF-CD8EE8C1D294}"
EndProject
Global
	GlobalSection(SolutionConfigurationPlatforms) = preSolution
		Debug|Any CPU = Debug|Any CPU
		Release|Any CPU = Release|Any CPU
	EndGlobalSection
	GlobalSection(ProjectConfigurationPlatforms) = postSolution
		{DD69CA2A-500E-405F-B5EF-CD8EE8C1D294}.Debug|Any CPU.ActiveCfg = Debug|Any CPU
		{DD69CA2A-500E-405F-B5EF-CD8EE8C1D294}.Debug|Any CPU.Build.0 = Debug|Any CPU
		{DD69CA2A-500E-405F-B5EF-CD8EE8C1D294}.Release|Any CPU.ActiveCfg = Release|Any CPU
		{DD69CA2A-500E-405F-B5EF-CD8EE8C1D294}.Release|Any CPU.Build.0 = Release|Any CPU
	EndGlobalSection
	GlobalSection(SolutionProperties) = preSolution
		HideSolutionNode = FALSE
	EndGlobalSection
	GlobalSection(ExtensibilityGlobals) = postSolution
		SolutionGuid = {9ED5AED3-EAF6-4AF8-B724-A3274D98B35A}
	EndGlobalSection
EndGlobal
